// !$*UTF8*$!
{
	archiveVersion = 1;
	classes = {
	};
	objectVersion = 46;
	objects = {

/* Begin PBXBuildFile section */
		FA4B89EC1EE197B8006346ED /* Main.storyboard in Resources */ = {isa = PBXBuildFile; fileRef = FA4B89EA1EE197B8006346ED /* Main.storyboard */; };
		FA4B89EE1EE197B8006346ED /* Assets.xcassets in Resources */ = {isa = PBXBuildFile; fileRef = FA4B89ED1EE197B8006346ED /* Assets.xcassets */; };
		FA4B89F11EE197B8006346ED /* LaunchScreen.storyboard in Resources */ = {isa = PBXBuildFile; fileRef = FA4B89EF1EE197B8006346ED /* LaunchScreen.storyboard */; };
		FA4B8A061EE1A257006346ED /* TableCardView.swift in Sources */ = {isa = PBXBuildFile; fileRef = FA4B8A051EE1A257006346ED /* TableCardView.swift */; };
		FA4B8A081EE1A26D006346ED /* AppDelegate.swift in Sources */ = {isa = PBXBuildFile; fileRef = FA4B8A071EE1A26D006346ED /* AppDelegate.swift */; };
		FA4B8A0A1EE1A2ED006346ED /* CardViewCell.swift in Sources */ = {isa = PBXBuildFile; fileRef = FA4B8A091EE1A2ED006346ED /* CardViewCell.swift */; };
/* End PBXBuildFile section */

/* Begin PBXFileReference section */
		FA4B89E31EE197B8006346ED /* TableCardView.app */ = {isa = PBXFileReference; explicitFileType = wrapper.application; includeInIndex = 0; path = TableCardView.app; sourceTree = BUILT_PRODUCTS_DIR; };
		FA4B89EB1EE197B8006346ED /* Base */ = {isa = PBXFileReference; lastKnownFileType = file.storyboard; name = Base; path = Base.lproj/Main.storyboard; sourceTree = "<group>"; };
		FA4B89ED1EE197B8006346ED /* Assets.xcassets */ = {isa = PBXFileReference; lastKnownFileType = folder.assetcatalog; path = Assets.xcassets; sourceTree = "<group>"; };
		FA4B89F01EE197B8006346ED /* Base */ = {isa = PBXFileReference; lastKnownFileType = file.storyboard; name = Base; path = Base.lproj/LaunchScreen.storyboard; sourceTree = "<group>"; };
		FA4B89F21EE197B8006346ED /* Info.plist */ = {isa = PBXFileReference; lastKnownFileType = text.plist.xml; path = Info.plist; sourceTree = "<group>"; };
		FA4B8A051EE1A257006346ED /* TableCardView.swift */ = {isa = PBXFileReference; fileEncoding = 4; lastKnownFileType = sourcecode.swift; name = TableCardView.swift; path = "../../KOU-Yemekhane/Kocaeli-Yemekhane/Kocaeli-Yemekhane/TableCardView.swift"; sourceTree = "<group>"; };
		FA4B8A071EE1A26D006346ED /* AppDelegate.swift */ = {isa = PBXFileReference; fileEncoding = 4; lastKnownFileType = sourcecode.swift; name = AppDelegate.swift; path = "../../KOU-Yemekhane/Kocaeli-Yemekhane/Kocaeli-Yemekhane/AppDelegate.swift"; sourceTree = "<group>"; };
		FA4B8A091EE1A2ED006346ED /* CardViewCell.swift */ = {isa = PBXFileReference; fileEncoding = 4; lastKnownFileType = sourcecode.swift; name = CardViewCell.swift; path = "../../KOU-Yemekhane - New/Kocaeli-Yemekhane/CardViewCell.swift"; sourceTree = "<group>"; };
/* End PBXFileReference section */

/* Begin PBXFrameworksBuildPhase section */
		FA4B89E01EE197B8006346ED /* Frameworks */ = {
			isa = PBXFrameworksBuildPhase;
			buildActionMask = 2147483647;
			files = (
			);
			runOnlyForDeploymentPostprocessing = 0;
		};
/* End PBXFrameworksBuildPhase section */

/* Begin PBXGroup section */
		FA4B89DA1EE197B8006346ED = {
			isa = PBXGroup;
			children = (
				FA4B89E51EE197B8006346ED /* TableCardView */,
				FA4B89E41EE197B8006346ED /* Products */,
			);
			sourceTree = "<group>";
		};
		FA4B89E41EE197B8006346ED /* Products */ = {
			isa = PBXGroup;
			children = (
				FA4B89E31EE197B8006346ED /* TableCardView.app */,
			);
			name = Products;
			sourceTree = "<group>";
		};
		FA4B89E51EE197B8006346ED /* TableCardView */ = {
			isa = PBXGroup;
			children = (
				FA4B8A071EE1A26D006346ED /* AppDelegate.swift */,
				FA4B8A051EE1A257006346ED /* TableCardView.swift */,
				FA4B8A091EE1A2ED006346ED /* CardViewCell.swift */,
				FA4B89EA1EE197B8006346ED /* Main.storyboard */,
				FA4B89ED1EE197B8006346ED /* Assets.xcassets */,
				FA4B89EF1EE197B8006346ED /* LaunchScreen.storyboard */,
				FA4B89F21EE197B8006346ED /* Info.plist */,
			);
			path = TableCardView;
			sourceTree = "<group>";
		};
/* End PBXGroup section */

/* Begin PBXNativeTarget section */
		FA4B89E21EE197B8006346ED /* TableCardView */ = {
			isa = PBXNativeTarget;
			buildConfigurationList = FA4B89F51EE197B8006346ED /* Build configuration list for PBXNativeTarget "TableCardView" */;
			buildPhases = (
				FA4B89DF1EE197B8006346ED /* Sources */,
				FA4B89E01EE197B8006346ED /* Frameworks */,
				FA4B89E11EE197B8006346ED /* Resources */,
			);
			buildRules = (
			);
			dependencies = (
			);
			name = TableCardView;
			productName = TableCardView;
			productReference = FA4B89E31EE197B8006346ED /* TableCardView.app */;
			productType = "com.apple.product-type.application";
		};
/* End PBXNativeTarget section */

/* Begin PBXProject section */
		FA4B89DB1EE197B8006346ED /* Project object */ = {
			isa = PBXProject;
			attributes = {
				LastSwiftUpdateCheck = 0830;
				LastUpgradeCheck = 0830;
				ORGANIZATIONNAME = "Yigit Yilmaz";
				TargetAttributes = {
					FA4B89E21EE197B8006346ED = {
						CreatedOnToolsVersion = 8.3.1;
						DevelopmentTeam = 286FMS2GJ2;
						ProvisioningStyle = Automatic;
					};
				};
			};
			buildConfigurationList = FA4B89DE1EE197B8006346ED /* Build configuration list for PBXProject "TableCardView" */;
			compatibilityVersion = "Xcode 3.2";
			developmentRegion = English;
			hasScannedForEncodings = 0;
			knownRegions = (
				en,
				Base,
			);
			mainGroup = FA4B89DA1EE197B8006346ED;
			productRefGroup = FA4B89E41EE197B8006346ED /* Products */;
			projectDirPath = "";
			projectRoot = "";
			targets = (
				FA4B89E21EE197B8006346ED /* TableCardView */,
			);
		};
/* End PBXProject section */

/* Begin PBXResourcesBuildPhase section */
		FA4B89E11EE197B8006346ED /* Resources */ = {
			isa = PBXResourcesBuildPhase;
			buildActionMask = 2147483647;
			files = (
				FA4B89F11EE197B8006346ED /* LaunchScreen.storyboard in Resources */,
				FA4B89EE1EE197B8006346ED /* Assets.xcassets in Resources */,
				FA4B89EC1EE197B8006346ED /* Main.storyboard in Resources */,
			);
			runOnlyForDeploymentPostprocessing = 0;
		};
/* End PBXResourcesBuildPhase section */

/* Begin PBXSourcesBuildPhase section */
		FA4B89DF1EE197B8006346ED /* Sources */ = {
			isa = PBXSourcesBuildPhase;
			buildActionMask = 2147483647;
			files = (
				FA4B8A081EE1A26D006346ED /* AppDelegate.swift in Sources */,
				FA4B8A061EE1A257006346ED /* TableCardView.swift in Sources */,
				FA4B8A0A1EE1A2ED006346ED /* CardViewCell.swift in Sources */,
			);
			runOnlyForDeploymentPostprocessing = 0;
		};
/* End PBXSourcesBuildPhase section */

/* Begin PBXVariantGroup section */
		FA4B89EA1EE197B8006346ED /* Main.storyboard */ = {
			isa = PBXVariantGroup;
			children = (
				FA4B89EB1EE197B8006346ED /* Base */,
			);
			name = Main.storyboard;
			sourceTree = "<group>";
		};
		FA4B89EF1EE197B8006346ED /* LaunchScreen.storyboard */ = {
			isa = PBXVariantGroup;
			children = (
				FA4B89F01EE197B8006346ED /* Base */,
			);
			name = LaunchScreen.storyboard;
			sourceTree = "<group>";
		};
/* End PBXVariantGroup section */

/* Begin XCBuildConfiguration section */
		FA4B89F31EE197B8006346ED /* Debug */ = {
			isa = XCBuildConfiguration;
			buildSettings = {
				ALWAYS_SEARCH_USER_PATHS = NO;
				CLANG_ANALYZER_NONNULL = YES;
				CLANG_ANALYZER_NUMBER_OBJECT_CONVERSION = YES_AGGRESSIVE;
				CLANG_CXX_LANGUAGE_STANDARD = "gnu++0x";
				CLANG_CXX_LIBRARY = "libc++";
				CLANG_ENABLE_MODULES = YES;
				CLANG_ENABLE_OBJC_ARC = YES;
				CLANG_WARN_BOOL_CONVERSION = YES;
				CLANG_WARN_CONSTANT_CONVERSION = YES;
				CLANG_WARN_DIRECT_OBJC_ISA_USAGE = YES_ERROR;
				CLANG_WARN_DOCUMENTATION_COMMENTS = YES;
				CLANG_WARN_EMPTY_BODY = YES;
				CLANG_WARN_ENUM_CONVERSION = YES;
				CLANG_WARN_INFINITE_RECURSION = YES;
				CLANG_WARN_INT_CONVERSION = YES;
				CLANG_WARN_OBJC_ROOT_CLASS = YES_ERROR;
				CLANG_WARN_SUSPICIOUS_MOVE = YES;
				CLANG_WARN_UNREACHABLE_CODE = YES;
				CLANG_WARN__DUPLICATE_METHOD_MATCH = YES;
				"CODE_SIGN_IDENTITY[sdk=iphoneos*]" = "iPhone Developer";
				COPY_PHASE_STRIP = NO;
				DEBUG_INFORMATION_FORMAT = dwarf;
				ENABLE_STRICT_OBJC_MSGSEND = YES;
				ENABLE_TESTABILITY = YES;
				GCC_C_LANGUAGE_STANDARD = gnu99;
				GCC_DYNAMIC_NO_PIC = NO;
				GCC_NO_COMMON_BLOCKS = YES;
				GCC_OPTIMIZATION_LEVEL = 0;
				GCC_PREPROCESSOR_DEFINITIONS = (
					"DEBUG=1",
					"$(inherited)",
				);
				GCC_WARN_64_TO_32_BIT_CONVERSION = YES;
				GCC_WARN_ABOUT_RETURN_TYPE = YES_ERROR;
				GCC_WARN_UNDECLARED_SELECTOR = YES;
				GCC_WARN_UNINITIALIZED_AUTOS = YES_AGGRESSIVE;
				GCC_WARN_UNUSED_FUNCTION = YES;
				GCC_WARN_UNUSED_VARIABLE = YES;
				IPHONEOS_DEPLOYMENT_TARGET = 10.3;
				MTL_ENABLE_DEBUG_INFO = YES;
				ONLY_ACTIVE_ARCH = YES;
				SDKROOT = iphoneos;
				SWIFT_ACTIVE_COMPILATION_CONDITIONS = DEBUG;
				SWIFT_OPTIMIZATION_LEVEL = "-Onone";
			};
			name = Debug;
		};
		FA4B89F41EE197B8006346ED /* Release */ = {
			isa = XCBuildConfiguration;
			buildSettings = {
				ALWAYS_SEARCH_USER_PATHS = NO;
				CLANG_ANALYZER_NONNULL = YES;
				CLANG_ANALYZER_NUMBER_OBJECT_CONVERSION = YES_AGGRESSIVE;
				CLANG_CXX_LANGUAGE_STANDARD = "gnu++0x";
				CLANG_CXX_LIBRARY = "libc++";
				CLANG_ENABLE_MODULES = YES;
				CLANG_ENABLE_OBJC_ARC = YES;
				CLANG_WARN_BOOL_CONVERSION = YES;
				CLANG_WARN_CONSTANT_CONVERSION = YES;
				CLANG_WARN_DIRECT_OBJC_ISA_USAGE = YES_ERROR;
				CLANG_WARN_DOCUMENTATION_COMMENTS = YES;
				CLANG_WARN_EMPTY_BODY = YES;
				CLANG_WARN_ENUM_CONVERSION = YES;
				CLANG_WARN_INFINITE_RECURSION = YES;
				CLANG_WARN_INT_CONVERSION = YES;
				CLANG_WARN_OBJC_ROOT_CLASS = YES_ERROR;
				CLANG_WARN_SUSPICIOUS_MOVE = YES;
				CLANG_WARN_UNREACHABLE_CODE = YES;
				CLANG_WARN__DUPLICATE_METHOD_MATCH = YES;
				"CODE_SIGN_IDENTITY[sdk=iphoneos*]" = "iPhone Developer";
				COPY_PHASE_STRIP = NO;
				DEBUG_INFORMATION_FORMAT = "dwarf-with-dsym";
				ENABLE_NS_ASSERTIONS = NO;
				ENABLE_STRICT_OBJC_MSGSEND = YES;
				GCC_C_LANGUAGE_STANDARD = gnu99;
				GCC_NO_COMMON_BLOCKS = YES;
				GCC_WARN_64_TO_32_BIT_CONVERSION = YES;
				GCC_WARN_ABOUT_RETURN_TYPE = YES_ERROR;
				GCC_WARN_UNDECLARED_SELECTOR = YES;
				GCC_WARN_UNINITIALIZED_AUTOS = YES_AGGRESSIVE;
				GCC_WARN_UNUSED_FUNCTION = YES;
				GCC_WARN_UNUSED_VARIABLE = YES;
				IPHONEOS_DEPLOYMENT_TARGET = 10.3;
				MTL_ENABLE_DEBUG_INFO = NO;
				SDKROOT = iphoneos;
				SWIFT_OPTIMIZATION_LEVEL = "-Owholemodule";
				VALIDATE_PRODUCT = YES;
			};
			name = Release;
		};
		FA4B89F61EE197B8006346ED /* Debug */ = {
			isa = XCBuildConfiguration;
			buildSettings = {
				ASSETCATALOG_COMPILER_APPICON_NAME = AppIcon;
				DEVELOPMENT_TEAM = 286FMS2GJ2;
				INFOPLIST_FILE = TableCardView/Info.plist;
				LD_RUNPATH_SEARCH_PATHS = "$(inherited) @executable_path/Frameworks";
				PRODUCT_BUNDLE_IDENTIFIER = com.yigit.TableCardView;
				PRODUCT_NAME = "$(TARGET_NAME)";
				SWIFT_VERSION = 3.0;
			};
			name = Debug;
		};
		FA4B89F71EE197B8006346ED /* Release */ = {
			isa = XCBuildConfiguration;
			buildSettings = {
				ASSETCATALOG_COMPILER_APPICON_NAME = AppIcon;
				DEVELOPMENT_TEAM = 286FMS2GJ2;
				INFOPLIST_FILE = TableCardView/Info.plist;
				LD_RUNPATH_SEARCH_PATHS = "$(inherited) @executable_path/Frameworks";
				PRODUCT_BUNDLE_IDENTIFIER = com.yigit.TableCardView;
				PRODUCT_NAME = "$(TARGET_NAME)";
				SWIFT_VERSION = 3.0;
			};
			name = Release;
		};
/* End XCBuildConfiguration section */

/* Begin XCConfigurationList section */
		FA4B89DE1EE197B8006346ED /* Build configuration list for PBXProject "TableCardView" */ = {
			isa = XCConfigurationList;
			buildConfigurations = (
				FA4B89F31EE197B8006346ED /* Debug */,
				FA4B89F41EE197B8006346ED /* Release */,
			);
			defaultConfigurationIsVisible = 0;
			defaultConfigurationName = Release;
		};
		FA4B89F51EE197B8006346ED /* Build configuration list for PBXNativeTarget "TableCardView" */ = {
			isa = XCConfigurationList;
			buildConfigurations = (
				FA4B89F61EE197B8006346ED /* Debug */,
				FA4B89F71EE197B8006346ED /* Release */,
			);
			defaultConfigurationIsVisible = 0;
			defaultConfigurationName = Release;
		};
/* End XCConfigurationList section */
	};
	rootObject = FA4B89DB1EE197B8006346ED /* Project object */;
}
